
Microsoft Visual Studio Solution File, Format Version 12.00
# Visual Studio 15
VisualStudioVersion = 15.0.28307.1684
MinimumVisualStudioVersion = 10.0.40219.1
Project("{FAE04EC0-301F-11D3-BF4B-00C04F79EFBC}") = "ProyectoMAD", "ProyectoMAD\ProyectoMAD.csproj", "{767A99D2-F064-4453-B26B-F551B305E08D}"
EndProject
Global
	GlobalSection(SolutionConfigurationPlatforms) = preSolution
		Debug|Any CPU = Debug|Any CPU
		Release|Any CPU = Release|Any CPU
	EndGlobalSection
	GlobalSection(ProjectConfigurationPlatforms) = postSolution
		{767A99D2-F064-4453-B26B-F551B305E08D}.Debug|Any CPU.ActiveCfg = Debug|Any CPU
		{767A99D2-F064-4453-B26B-F551B305E08D}.Debug|Any CPU.Build.0 = Debug|Any CPU
		{767A99D2-F064-4453-B26B-F551B305E08D}.Release|Any CPU.ActiveCfg = Release|Any CPU
		{767A99D2-F064-4453-B26B-F551B305E08D}.Release|Any CPU.Build.0 = Release|Any CPU
	EndGlobalSection
	GlobalSection(SolutionProperties) = preSolution
		HideSolutionNode = FALSE
	EndGlobalSection
	GlobalSection(ExtensibilityGlobals) = postSolution
		SolutionGuid = {7675F091-33DE-4AD0-87DF-F6D8F267C1DB}
	EndGlobalSection
EndGlobal
